{
  "name": "typescript",
  "version": "1.0.0",
  "lockfileVersion": 2,
  "requires": true,
  "packages": {
    "": {
      "name": "typescript",
      "version": "1.0.0",
      "license": "ISC",
      "dependencies": {
        "@types/gapi": "^0.0.42",
        "typescript": "^4.8.4"
      }
    },
    "node_modules/@types/gapi": {
      "version": "0.0.42",
      "resolved": "https://registry.npmjs.org/@types/gapi/-/gapi-0.0.42.tgz",
      "integrity": "sha512-kskWpouTGqutaIVRo/swiGnMVoRxOYdRwvaDrh0yavfR9vQoHvJJ7Enp4KE9MEGS8qF7F5KiP6bRNOYcCgRXCA=="
    },
    "node_modules/typescript": {
      "version": "4.8.4",
      "resolved": "https://registry.npmjs.org/typescript/-/typescript-4.8.4.tgz",
      "integrity": "sha512-QCh+85mCy+h0IGff8r5XWzOVSbBO+KfeYrMQh7NJ58QujwcE22u+NUSmUxqF+un70P9GXKxa2HCNiTTMJknyjQ==",
      "bin": {
        "tsc": "bin/tsc",
        "tsserver": "bin/tsserver"
      },
      "engines": {
        "node": ">=4.2.0"
      }
    }
  },
  "dependencies": {
    "@types/gapi": {
      "version": "0.0.42",
      "resolved": "https://registry.npmjs.org/@types/gapi/-/gapi-0.0.42.tgz",
      "integrity": "sha512-kskWpouTGqutaIVRo/swiGnMVoRxOYdRwvaDrh0yavfR9vQoHvJJ7Enp4KE9MEGS8qF7F5KiP6bRNOYcCgRXCA=="
    },
    "typescript": {
      "version": "4.8.4",
      "resolved": "https://registry.npmjs.org/typescript/-/typescript-4.8.4.tgz",
      "integrity": "sha512-QCh+85mCy+h0IGff8r5XWzOVSbBO+KfeYrMQh7NJ58QujwcE22u+NUSmUxqF+un70P9GXKxa2HCNiTTMJknyjQ=="
    }
  }
}
